
Microsoft Visual Studio Solution File, Format Version 12.00
# Visual Studio Version 17
VisualStudioVersion = 17.13.35913.81
MinimumVisualStudioVersion = 10.0.40219.1
Project("{8BC9CEB8-8B4A-11D0-8D11-00A0C91BC942}") = "MainTask01", "MainTask01\MainTask01.vcxproj", "{D97B659E-DE40-4F32-96B7-8B9327D842EF}"
EndProject
Project("{8BC9CEB8-8B4A-11D0-8D11-00A0C91BC942}") = "MainTask02", "MainTask02\MainTask02.vcxproj", "{025E4A3F-0D62-46A3-A7BF-5F827DC109D8}"
EndProject
Project("{8BC9CEB8-8B4A-11D0-8D11-00A0C91BC942}") = "MainTask03", "MainTask03\MainTask03.vcxproj", "{67CF4B83-B6CF-4540-ACC5-DEE10CE4C3EB}"
EndProject
Project("{8BC9CEB8-8B4A-11D0-8D11-00A0C91BC942}") = "MainTask04", "MainTask04\MainTask04.vcxproj", "{DF62DC82-EA77-436C-968D-42B3AB637D74}"
EndProject
Project("{8BC9CEB8-8B4A-11D0-8D11-00A0C91BC942}") = "AdvanceTask01", "AdvanceTask01\AdvanceTask01.vcxproj", "{B0AB3654-FE33-46EB-8C6A-97857640CAA9}"
EndProject
Global
	GlobalSection(SolutionConfigurationPlatforms) = preSolution
		Debug|x64 = Debug|x64
		Debug|x86 = Debug|x86
		Release|x64 = Release|x64
		Release|x86 = Release|x86
	EndGlobalSection
	GlobalSection(ProjectConfigurationPlatforms) = postSolution
		{D97B659E-DE40-4F32-96B7-8B9327D842EF}.Debug|x64.ActiveCfg = Debug|x64
		{D97B659E-DE40-4F32-96B7-8B9327D842EF}.Debug|x64.Build.0 = Debug|x64
		{D97B659E-DE40-4F32-96B7-8B9327D842EF}.Debug|x86.ActiveCfg = Debug|Win32
		{D97B659E-DE40-4F32-96B7-8B9327D842EF}.Debug|x86.Build.0 = Debug|Win32
		{D97B659E-DE40-4F32-96B7-8B9327D842EF}.Release|x64.ActiveCfg = Release|x64
		{D97B659E-DE40-4F32-96B7-8B9327D842EF}.Release|x64.Build.0 = Release|x64
		{D97B659E-DE40-4F32-96B7-8B9327D842EF}.Release|x86.ActiveCfg = Release|Win32
		{D97B659E-DE40-4F32-96B7-8B9327D842EF}.Release|x86.Build.0 = Release|Win32
		{025E4A3F-0D62-46A3-A7BF-5F827DC109D8}.Debug|x64.ActiveCfg = Debug|x64
		{025E4A3F-0D62-46A3-A7BF-5F827DC109D8}.Debug|x64.Build.0 = Debug|x64
		{025E4A3F-0D62-46A3-A7BF-5F827DC109D8}.Debug|x86.ActiveCfg = Debug|Win32
		{025E4A3F-0D62-46A3-A7BF-5F827DC109D8}.Debug|x86.Build.0 = Debug|Win32
		{025E4A3F-0D62-46A3-A7BF-5F827DC109D8}.Release|x64.ActiveCfg = Release|x64
		{025E4A3F-0D62-46A3-A7BF-5F827DC109D8}.Release|x64.Build.0 = Release|x64
		{025E4A3F-0D62-46A3-A7BF-5F827DC109D8}.Release|x86.ActiveCfg = Release|Win32
		{025E4A3F-0D62-46A3-A7BF-5F827DC109D8}.Release|x86.Build.0 = Release|Win32
		{67CF4B83-B6CF-4540-ACC5-DEE10CE4C3EB}.Debug|x64.ActiveCfg = Debug|x64
		{67CF4B83-B6CF-4540-ACC5-DEE10CE4C3EB}.Debug|x64.Build.0 = Debug|x64
		{67CF4B83-B6CF-4540-ACC5-DEE10CE4C3EB}.Debug|x86.ActiveCfg = Debug|Win32
		{67CF4B83-B6CF-4540-ACC5-DEE10CE4C3EB}.Debug|x86.Build.0 = Debug|Win32
		{67CF4B83-B6CF-4540-ACC5-DEE10CE4C3EB}.Release|x64.ActiveCfg = Release|x64
		{67CF4B83-B6CF-4540-ACC5-DEE10CE4C3EB}.Release|x64.Build.0 = Release|x64
		{67CF4B83-B6CF-4540-ACC5-DEE10CE4C3EB}.Release|x86.ActiveCfg = Release|Win32
		{67CF4B83-B6CF-4540-ACC5-DEE10CE4C3EB}.Release|x86.Build.0 = Release|Win32
		{DF62DC82-EA77-436C-968D-42B3AB637D74}.Debug|x64.ActiveCfg = Debug|x64
		{DF62DC82-EA77-436C-968D-42B3AB637D74}.Debug|x64.Build.0 = Debug|x64
		{DF62DC82-EA77-436C-968D-42B3AB637D74}.Debug|x86.ActiveCfg = Debug|Win32
		{DF62DC82-EA77-436C-968D-42B3AB637D74}.Debug|x86.Build.0 = Debug|Win32
		{DF62DC82-EA77-436C-968D-42B3AB637D74}.Release|x64.ActiveCfg = Release|x64
		{DF62DC82-EA77-436C-968D-42B3AB637D74}.Release|x64.Build.0 = Release|x64
		{DF62DC82-EA77-436C-968D-42B3AB637D74}.Release|x86.ActiveCfg = Release|Win32
		{DF62DC82-EA77-436C-968D-42B3AB637D74}.Release|x86.Build.0 = Release|Win32
		{B0AB3654-FE33-46EB-8C6A-97857640CAA9}.Debug|x64.ActiveCfg = Debug|x64
		{B0AB3654-FE33-46EB-8C6A-97857640CAA9}.Debug|x64.Build.0 = Debug|x64
		{B0AB3654-FE33-46EB-8C6A-97857640CAA9}.Debug|x86.ActiveCfg = Debug|Win32
		{B0AB3654-FE33-46EB-8C6A-97857640CAA9}.Debug|x86.Build.0 = Debug|Win32
		{B0AB3654-FE33-46EB-8C6A-97857640CAA9}.Release|x64.ActiveCfg = Release|x64
		{B0AB3654-FE33-46EB-8C6A-97857640CAA9}.Release|x64.Build.0 = Release|x64
		{B0AB3654-FE33-46EB-8C6A-97857640CAA9}.Release|x86.ActiveCfg = Release|Win32
		{B0AB3654-FE33-46EB-8C6A-97857640CAA9}.Release|x86.Build.0 = Release|Win32
	EndGlobalSection
	GlobalSection(SolutionProperties) = preSolution
		HideSolutionNode = FALSE
	EndGlobalSection
	GlobalSection(ExtensibilityGlobals) = postSolution
		SolutionGuid = {E47F89E9-9779-40E0-8018-27C55A5F1160}
	EndGlobalSection
EndGlobal
